
Microsoft Visual Studio Solution File, Format Version 12.00
# Visual Studio 15
VisualStudioVersion = 15.0.26730.16
MinimumVisualStudioVersion = 10.0.40219.1
Project("{FAE04EC0-301F-11D3-BF4B-00C04F79EFBC}") = "02.SoftUniBeers", "02.SoftUniBeers\02.SoftUniBeers.csproj", "{DB7AEA88-133B-4D31-916A-663B2B6EA8FC}"
EndProject
Global
	GlobalSection(SolutionConfigurationPlatforms) = preSolution
		Debug|Any CPU = Debug|Any CPU
		Release|Any CPU = Release|Any CPU
	EndGlobalSection
	GlobalSection(ProjectConfigurationPlatforms) = postSolution
		{DB7AEA88-133B-4D31-916A-663B2B6EA8FC}.Debug|Any CPU.ActiveCfg = Debug|Any CPU
		{DB7AEA88-133B-4D31-916A-663B2B6EA8FC}.Debug|Any CPU.Build.0 = Debug|Any CPU
		{DB7AEA88-133B-4D31-916A-663B2B6EA8FC}.Release|Any CPU.ActiveCfg = Release|Any CPU
		{DB7AEA88-133B-4D31-916A-663B2B6EA8FC}.Release|Any CPU.Build.0 = Release|Any CPU
	EndGlobalSection
	GlobalSection(SolutionProperties) = preSolution
		HideSolutionNode = FALSE
	EndGlobalSection
	GlobalSection(ExtensibilityGlobals) = postSolution
		SolutionGuid = {D2F54A67-73BA-4CDB-B025-56B9C2A7BFFE}
	EndGlobalSection
EndGlobal
