
Microsoft Visual Studio Solution File, Format Version 12.00
# Visual Studio 15
VisualStudioVersion = 15.0.27004.2010
MinimumVisualStudioVersion = 10.0.40219.1
Project("{FAE04EC0-301F-11D3-BF4B-00C04F79EFBC}") = "BookShop.Api", "BookShop.Api\BookShop.Api.csproj", "{B8DA96DC-951E-40BA-A45E-944D67C3004A}"
EndProject
Project("{FAE04EC0-301F-11D3-BF4B-00C04F79EFBC}") = "BookShop.Data", "BookShop.Data\BookShop.Data.csproj", "{4A9E511F-2B61-42CA-8703-636E8FC0E944}"
EndProject
Project("{FAE04EC0-301F-11D3-BF4B-00C04F79EFBC}") = "BookShop.Services", "BookShop.Services\BookShop.Services.csproj", "{EE8031A5-4FB0-4EC8-AF49-F216CE2E6456}"
EndProject
Project("{FAE04EC0-301F-11D3-BF4B-00C04F79EFBC}") = "BookShop.Common", "BookShop.Common\BookShop.Common.csproj", "{29822E02-9FE2-434B-82FD-9B2229C4980A}"
EndProject
Global
	GlobalSection(SolutionConfigurationPlatforms) = preSolution
		Debug|Any CPU = Debug|Any CPU
		Release|Any CPU = Release|Any CPU
	EndGlobalSection
	GlobalSection(ProjectConfigurationPlatforms) = postSolution
		{B8DA96DC-951E-40BA-A45E-944D67C3004A}.Debug|Any CPU.ActiveCfg = Debug|Any CPU
		{B8DA96DC-951E-40BA-A45E-944D67C3004A}.Debug|Any CPU.Build.0 = Debug|Any CPU
		{B8DA96DC-951E-40BA-A45E-944D67C3004A}.Release|Any CPU.ActiveCfg = Release|Any CPU
		{B8DA96DC-951E-40BA-A45E-944D67C3004A}.Release|Any CPU.Build.0 = Release|Any CPU
		{4A9E511F-2B61-42CA-8703-636E8FC0E944}.Debug|Any CPU.ActiveCfg = Debug|Any CPU
		{4A9E511F-2B61-42CA-8703-636E8FC0E944}.Debug|Any CPU.Build.0 = Debug|Any CPU
		{4A9E511F-2B61-42CA-8703-636E8FC0E944}.Release|Any CPU.ActiveCfg = Release|Any CPU
		{4A9E511F-2B61-42CA-8703-636E8FC0E944}.Release|Any CPU.Build.0 = Release|Any CPU
		{EE8031A5-4FB0-4EC8-AF49-F216CE2E6456}.Debug|Any CPU.ActiveCfg = Debug|Any CPU
		{EE8031A5-4FB0-4EC8-AF49-F216CE2E6456}.Debug|Any CPU.Build.0 = Debug|Any CPU
		{EE8031A5-4FB0-4EC8-AF49-F216CE2E6456}.Release|Any CPU.ActiveCfg = Release|Any CPU
		{EE8031A5-4FB0-4EC8-AF49-F216CE2E6456}.Release|Any CPU.Build.0 = Release|Any CPU
		{29822E02-9FE2-434B-82FD-9B2229C4980A}.Debug|Any CPU.ActiveCfg = Debug|Any CPU
		{29822E02-9FE2-434B-82FD-9B2229C4980A}.Debug|Any CPU.Build.0 = Debug|Any CPU
		{29822E02-9FE2-434B-82FD-9B2229C4980A}.Release|Any CPU.ActiveCfg = Release|Any CPU
		{29822E02-9FE2-434B-82FD-9B2229C4980A}.Release|Any CPU.Build.0 = Release|Any CPU
	EndGlobalSection
	GlobalSection(SolutionProperties) = preSolution
		HideSolutionNode = FALSE
	EndGlobalSection
	GlobalSection(ExtensibilityGlobals) = postSolution
		SolutionGuid = {0C15544A-4ADF-4BFE-9F92-212BCA99AC90}
	EndGlobalSection
EndGlobal
