
Microsoft Visual Studio Solution File, Format Version 12.00
# Visual Studio 15
VisualStudioVersion = 15.0.27004.2008
MinimumVisualStudioVersion = 10.0.40219.1
Project("{FAE04EC0-301F-11D3-BF4B-00C04F79EFBC}") = "CameraBazaar.Web", "CameraBazaar.Web\CameraBazaar.Web.csproj", "{C7C93376-2FC6-45B3-9505-7224F1652AD5}"
EndProject
Project("{FAE04EC0-301F-11D3-BF4B-00C04F79EFBC}") = "CameraBazaar.Data", "CameraBazaar.Data\CameraBazaar.Data.csproj", "{64610EC5-6238-40F3-8422-DB0BBB3FF698}"
EndProject
Project("{FAE04EC0-301F-11D3-BF4B-00C04F79EFBC}") = "CameraBazaar.Services", "CameraBazaar.Services\CameraBazaar.Services.csproj", "{A55D4F5B-82E5-4179-BF3A-205E45CB9658}"
EndProject
Global
	GlobalSection(SolutionConfigurationPlatforms) = preSolution
		Debug|Any CPU = Debug|Any CPU
		Release|Any CPU = Release|Any CPU
	EndGlobalSection
	GlobalSection(ProjectConfigurationPlatforms) = postSolution
		{C7C93376-2FC6-45B3-9505-7224F1652AD5}.Debug|Any CPU.ActiveCfg = Debug|Any CPU
		{C7C93376-2FC6-45B3-9505-7224F1652AD5}.Debug|Any CPU.Build.0 = Debug|Any CPU
		{C7C93376-2FC6-45B3-9505-7224F1652AD5}.Release|Any CPU.ActiveCfg = Release|Any CPU
		{C7C93376-2FC6-45B3-9505-7224F1652AD5}.Release|Any CPU.Build.0 = Release|Any CPU
		{64610EC5-6238-40F3-8422-DB0BBB3FF698}.Debug|Any CPU.ActiveCfg = Debug|Any CPU
		{64610EC5-6238-40F3-8422-DB0BBB3FF698}.Debug|Any CPU.Build.0 = Debug|Any CPU
		{64610EC5-6238-40F3-8422-DB0BBB3FF698}.Release|Any CPU.ActiveCfg = Release|Any CPU
		{64610EC5-6238-40F3-8422-DB0BBB3FF698}.Release|Any CPU.Build.0 = Release|Any CPU
		{A55D4F5B-82E5-4179-BF3A-205E45CB9658}.Debug|Any CPU.ActiveCfg = Debug|Any CPU
		{A55D4F5B-82E5-4179-BF3A-205E45CB9658}.Debug|Any CPU.Build.0 = Debug|Any CPU
		{A55D4F5B-82E5-4179-BF3A-205E45CB9658}.Release|Any CPU.ActiveCfg = Release|Any CPU
		{A55D4F5B-82E5-4179-BF3A-205E45CB9658}.Release|Any CPU.Build.0 = Release|Any CPU
	EndGlobalSection
	GlobalSection(SolutionProperties) = preSolution
		HideSolutionNode = FALSE
	EndGlobalSection
	GlobalSection(ExtensibilityGlobals) = postSolution
		SolutionGuid = {AA589B81-9DA9-4B65-85FB-30010827D38D}
	EndGlobalSection
EndGlobal
