
Microsoft Visual Studio Solution File, Format Version 12.00
# Visual Studio 15
VisualStudioVersion = 15.0.27004.2005
MinimumVisualStudioVersion = 10.0.40219.1
Project("{9A19103F-16F7-4668-BE54-9A1E7A4F7556}") = "GameStore.App", "GameStore.App\GameStore.App.csproj", "{E4566D77-CCF2-4415-AF31-56012B7D865C}"
EndProject
Project("{9A19103F-16F7-4668-BE54-9A1E7A4F7556}") = "GameStore.Data", "GameStore.Data\GameStore.Data.csproj", "{156ED91B-E4A3-40AA-AFF5-FBF693119FA2}"
EndProject
Project("{9A19103F-16F7-4668-BE54-9A1E7A4F7556}") = "GameStore.Models", "GameStore.Models\GameStore.Models.csproj", "{7F5FC4AD-DA40-4AF2-8204-33CAA7973065}"
EndProject
Project("{9A19103F-16F7-4668-BE54-9A1E7A4F7556}") = "WebServer", "..\WebServer\WebServer.csproj", "{8647CBC2-4BBC-4F86-BBE9-F69537440094}"
EndProject
Project("{9A19103F-16F7-4668-BE54-9A1E7A4F7556}") = "SimpleMvc.Framework", "..\SimpleMvc.Framework\SimpleMvc.Framework.csproj", "{75C9F890-3291-4DEE-A774-01F8C27D0D96}"
EndProject
Global
	GlobalSection(SolutionConfigurationPlatforms) = preSolution
		Debug|Any CPU = Debug|Any CPU
		Release|Any CPU = Release|Any CPU
	EndGlobalSection
	GlobalSection(ProjectConfigurationPlatforms) = postSolution
		{E4566D77-CCF2-4415-AF31-56012B7D865C}.Debug|Any CPU.ActiveCfg = Debug|Any CPU
		{E4566D77-CCF2-4415-AF31-56012B7D865C}.Debug|Any CPU.Build.0 = Debug|Any CPU
		{E4566D77-CCF2-4415-AF31-56012B7D865C}.Release|Any CPU.ActiveCfg = Release|Any CPU
		{E4566D77-CCF2-4415-AF31-56012B7D865C}.Release|Any CPU.Build.0 = Release|Any CPU
		{156ED91B-E4A3-40AA-AFF5-FBF693119FA2}.Debug|Any CPU.ActiveCfg = Debug|Any CPU
		{156ED91B-E4A3-40AA-AFF5-FBF693119FA2}.Debug|Any CPU.Build.0 = Debug|Any CPU
		{156ED91B-E4A3-40AA-AFF5-FBF693119FA2}.Release|Any CPU.ActiveCfg = Release|Any CPU
		{156ED91B-E4A3-40AA-AFF5-FBF693119FA2}.Release|Any CPU.Build.0 = Release|Any CPU
		{7F5FC4AD-DA40-4AF2-8204-33CAA7973065}.Debug|Any CPU.ActiveCfg = Debug|Any CPU
		{7F5FC4AD-DA40-4AF2-8204-33CAA7973065}.Debug|Any CPU.Build.0 = Debug|Any CPU
		{7F5FC4AD-DA40-4AF2-8204-33CAA7973065}.Release|Any CPU.ActiveCfg = Release|Any CPU
		{7F5FC4AD-DA40-4AF2-8204-33CAA7973065}.Release|Any CPU.Build.0 = Release|Any CPU
		{8647CBC2-4BBC-4F86-BBE9-F69537440094}.Debug|Any CPU.ActiveCfg = Debug|Any CPU
		{8647CBC2-4BBC-4F86-BBE9-F69537440094}.Debug|Any CPU.Build.0 = Debug|Any CPU
		{8647CBC2-4BBC-4F86-BBE9-F69537440094}.Release|Any CPU.ActiveCfg = Release|Any CPU
		{8647CBC2-4BBC-4F86-BBE9-F69537440094}.Release|Any CPU.Build.0 = Release|Any CPU
		{75C9F890-3291-4DEE-A774-01F8C27D0D96}.Debug|Any CPU.ActiveCfg = Debug|Any CPU
		{75C9F890-3291-4DEE-A774-01F8C27D0D96}.Debug|Any CPU.Build.0 = Debug|Any CPU
		{75C9F890-3291-4DEE-A774-01F8C27D0D96}.Release|Any CPU.ActiveCfg = Release|Any CPU
		{75C9F890-3291-4DEE-A774-01F8C27D0D96}.Release|Any CPU.Build.0 = Release|Any CPU
	EndGlobalSection
	GlobalSection(SolutionProperties) = preSolution
		HideSolutionNode = FALSE
	EndGlobalSection
	GlobalSection(ExtensibilityGlobals) = postSolution
		SolutionGuid = {3ABA898C-743A-4BCB-94FE-871C34896B4B}
	EndGlobalSection
EndGlobal
